
Microsoft Visual Studio Solution File, Format Version 12.00
# Visual Studio Version 16
VisualStudioVersion = 16.0.30128.74
MinimumVisualStudioVersion = 10.0.40219.1
Project("{FAE04EC0-301F-11D3-BF4B-00C04F79EFBC}") = "TextBoxExamQuestion", "TextBoxExamQuestion\TextBoxExamQuestion.csproj", "{49B88A32-2934-4B69-A7C6-79D8F75F6E24}"
EndProject
Global
	GlobalSection(SolutionConfigurationPlatforms) = preSolution
		Debug|Any CPU = Debug|Any CPU
		Release|Any CPU = Release|Any CPU
	EndGlobalSection
	GlobalSection(ProjectConfigurationPlatforms) = postSolution
		{49B88A32-2934-4B69-A7C6-79D8F75F6E24}.Debug|Any CPU.ActiveCfg = Debug|Any CPU
		{49B88A32-2934-4B69-A7C6-79D8F75F6E24}.Debug|Any CPU.Build.0 = Debug|Any CPU
		{49B88A32-2934-4B69-A7C6-79D8F75F6E24}.Release|Any CPU.ActiveCfg = Release|Any CPU
		{49B88A32-2934-4B69-A7C6-79D8F75F6E24}.Release|Any CPU.Build.0 = Release|Any CPU
	EndGlobalSection
	GlobalSection(SolutionProperties) = preSolution
		HideSolutionNode = FALSE
	EndGlobalSection
	GlobalSection(ExtensibilityGlobals) = postSolution
		SolutionGuid = {A8D9B409-13D3-4EA6-9CD7-CCF180EBB109}
	EndGlobalSection
EndGlobal
